
Microsoft Visual Studio Solution File, Format Version 12.00
# Visual Studio Version 16
VisualStudioVersion = 16.0.30717.126
MinimumVisualStudioVersion = 10.0.40219.1
Project("{FAE04EC0-301F-11D3-BF4B-00C04F79EFBC}") = "Servicios", "Servicios\Servicios.csproj", "{6B942952-32EF-4834-BFF7-028BD03CEEC2}"
EndProject
Global
	GlobalSection(SolutionConfigurationPlatforms) = preSolution
		Debug|Any CPU = Debug|Any CPU
		Release|Any CPU = Release|Any CPU
	EndGlobalSection
	GlobalSection(ProjectConfigurationPlatforms) = postSolution
		{6B942952-32EF-4834-BFF7-028BD03CEEC2}.Debug|Any CPU.ActiveCfg = Debug|Any CPU
		{6B942952-32EF-4834-BFF7-028BD03CEEC2}.Debug|Any CPU.Build.0 = Debug|Any CPU
		{6B942952-32EF-4834-BFF7-028BD03CEEC2}.Release|Any CPU.ActiveCfg = Release|Any CPU
		{6B942952-32EF-4834-BFF7-028BD03CEEC2}.Release|Any CPU.Build.0 = Release|Any CPU
	EndGlobalSection
	GlobalSection(SolutionProperties) = preSolution
		HideSolutionNode = FALSE
	EndGlobalSection
	GlobalSection(ExtensibilityGlobals) = postSolution
		SolutionGuid = {B4D4E325-2091-477A-BA84-58421F92E887}
	EndGlobalSection
EndGlobal
